
Microsoft Visual Studio Solution File, Format Version 12.00
# Visual Studio Version 16
VisualStudioVersion = 16.0.30907.101
MinimumVisualStudioVersion = 10.0.40219.1
Project("{9A19103F-16F7-4668-BE54-9A1E7A4F7556}") = "DBServer", "DBServer\DBServer.csproj", "{B49B396A-0075-4D85-9DA4-7259DA5460A0}"
EndProject
Project("{9A19103F-16F7-4668-BE54-9A1E7A4F7556}") = "DBClient", "DBClient\DBClient.csproj", "{99712E1E-66FD-4D1F-98AD-255FF5993F99}"
EndProject
Global
	GlobalSection(SolutionConfigurationPlatforms) = preSolution
		Debug|Any CPU = Debug|Any CPU
		Release|Any CPU = Release|Any CPU
	EndGlobalSection
	GlobalSection(ProjectConfigurationPlatforms) = postSolution
		{B49B396A-0075-4D85-9DA4-7259DA5460A0}.Debug|Any CPU.ActiveCfg = Debug|Any CPU
		{B49B396A-0075-4D85-9DA4-7259DA5460A0}.Debug|Any CPU.Build.0 = Debug|Any CPU
		{B49B396A-0075-4D85-9DA4-7259DA5460A0}.Release|Any CPU.ActiveCfg = Release|Any CPU
		{B49B396A-0075-4D85-9DA4-7259DA5460A0}.Release|Any CPU.Build.0 = Release|Any CPU
		{99712E1E-66FD-4D1F-98AD-255FF5993F99}.Debug|Any CPU.ActiveCfg = Debug|Any CPU
		{99712E1E-66FD-4D1F-98AD-255FF5993F99}.Debug|Any CPU.Build.0 = Debug|Any CPU
		{99712E1E-66FD-4D1F-98AD-255FF5993F99}.Release|Any CPU.ActiveCfg = Release|Any CPU
		{99712E1E-66FD-4D1F-98AD-255FF5993F99}.Release|Any CPU.Build.0 = Release|Any CPU
	EndGlobalSection
	GlobalSection(SolutionProperties) = preSolution
		HideSolutionNode = FALSE
	EndGlobalSection
	GlobalSection(ExtensibilityGlobals) = postSolution
		SolutionGuid = {BB3EF9C3-3171-4255-B565-DDE608854941}
	EndGlobalSection
EndGlobal
